// !$*UTF8*$!
{
	archiveVersion = 1;
	classes = {
	};
	objectVersion = 77;
	objects = {

/* Begin PBXBuildFile section */
		14833D332DC4FED3001B61D5 /* Icon.swift in Sources */ = {isa = PBXBuildFile; fileRef = 14833D322DC4FED3001B61D5 /* Icon.swift */; };
		14833D352DC50310001B61D5 /* Book.swift in Sources */ = {isa = PBXBuildFile; fileRef = 14833D342DC50310001B61D5 /* Book.swift */; };
		14833D372DC50420001B61D5 /* Tag.swift in Sources */ = {isa = PBXBuildFile; fileRef = 14833D362DC50420001B61D5 /* Tag.swift */; };
		14833D392DC504B9001B61D5 /* DayRecord.swift in Sources */ = {isa = PBXBuildFile; fileRef = 14833D382DC504B9001B61D5 /* DayRecord.swift */; };
		14833D3B2DC5179F001B61D5 /* UIColor+Extension.swift in Sources */ = {isa = PBXBuildFile; fileRef = 14833D3A2DC5179F001B61D5 /* UIColor+Extension.swift */; };
		14ACBE562DBFAD2E0056B1FD /* TabbarController.swift in Sources */ = {isa = PBXBuildFile; fileRef = 14ACBE542DBFAD2E0056B1FD /* TabbarController.swift */; };
		14ACBE572DBFAD2E0056B1FD /* NavigationViewController.swift in Sources */ = {isa = PBXBuildFile; fileRef = 14ACBE532DBFAD2E0056B1FD /* NavigationViewController.swift */; };
		14AD287B2DC5B6DD0018DAF3 /* BookListViewController.swift in Sources */ = {isa = PBXBuildFile; fileRef = 14AD287A2DC5B6DD0018DAF3 /* BookListViewController.swift */; };
		14AD287E2DC5B7010018DAF3 /* TagListViewController.swift in Sources */ = {isa = PBXBuildFile; fileRef = 14AD287D2DC5B7010018DAF3 /* TagListViewController.swift */; };
		14AD28812DC5BCC50018DAF3 /* BookCell.swift in Sources */ = {isa = PBXBuildFile; fileRef = 14AD28802DC5BCC50018DAF3 /* BookCell.swift */; };
		14AD28842DC5C0D20018DAF3 /* HeaderReuseView.swift in Sources */ = {isa = PBXBuildFile; fileRef = 14AD28832DC5C0D20018DAF3 /* HeaderReuseView.swift */; };
		14AD28862DC5C21E0018DAF3 /* DataManager.swift in Sources */ = {isa = PBXBuildFile; fileRef = 14AD28852DC5C21E0018DAF3 /* DataManager.swift */; };
		14B239B62DBF13F30007152C /* SceneDelegate.swift in Sources */ = {isa = PBXBuildFile; fileRef = 14B239B22DBF13F30007152C /* SceneDelegate.swift */; };
		14B239B72DBF13F30007152C /* CalendarViewController.swift in Sources */ = {isa = PBXBuildFile; fileRef = 14B239B32DBF13F30007152C /* CalendarViewController.swift */; };
		14B239B82DBF13F30007152C /* AppDelegate.swift in Sources */ = {isa = PBXBuildFile; fileRef = 14B239AE2DBF13F30007152C /* AppDelegate.swift */; };
		14B239B92DBF13F30007152C /* LaunchScreen.storyboard in Resources */ = {isa = PBXBuildFile; fileRef = 14B239B12DBF13F30007152C /* LaunchScreen.storyboard */; };
		14B239BA2DBF13F30007152C /* Assets.xcassets in Resources */ = {isa = PBXBuildFile; fileRef = 14B239AF2DBF13F30007152C /* Assets.xcassets */; };
		14B239C72DBF765B0007152C /* Localizable.xcstrings in Resources */ = {isa = PBXBuildFile; fileRef = 14B239C62DBF765B0007152C /* Localizable.xcstrings */; };
		14B239CC2DBF77B10007152C /* SnapKit in Frameworks */ = {isa = PBXBuildFile; productRef = 14B239CB2DBF77B10007152C /* SnapKit */; };
		14B239CF2DBF78CD0007152C /* GRDB in Frameworks */ = {isa = PBXBuildFile; productRef = 14B239CE2DBF78CD0007152C /* GRDB */; };
		14B239D22DBF78F10007152C /* AppInfo in Frameworks */ = {isa = PBXBuildFile; productRef = 14B239D12DBF78F10007152C /* AppInfo */; };
		14B239D52DBF790A0007152C /* ZCCalendar in Frameworks */ = {isa = PBXBuildFile; productRef = 14B239D42DBF790A0007152C /* ZCCalendar */; };
		14B239D82DBF791E0007152C /* Toast in Frameworks */ = {isa = PBXBuildFile; productRef = 14B239D72DBF791E0007152C /* Toast */; };
		14D272702DC0709300267572 /* CalendarBaseViewController.swift in Sources */ = {isa = PBXBuildFile; fileRef = 14D2726F2DC0709300267572 /* CalendarBaseViewController.swift */; };
		14D272722DC0712A00267572 /* AppColor.swift in Sources */ = {isa = PBXBuildFile; fileRef = 14D272712DC0712A00267572 /* AppColor.swift */; };
		14D272792DC0716E00267572 /* CalendarViewController+CellRegistration.swift in Sources */ = {isa = PBXBuildFile; fileRef = 14D272732DC0716E00267572 /* CalendarViewController+CellRegistration.swift */; };
		14D2727A2DC0716E00267572 /* CalendarViewController+Layout.swift in Sources */ = {isa = PBXBuildFile; fileRef = 14D272752DC0716E00267572 /* CalendarViewController+Layout.swift */; };
		14D2727B2DC0716E00267572 /* CalendarViewController+Popover.swift in Sources */ = {isa = PBXBuildFile; fileRef = 14D272762DC0716E00267572 /* CalendarViewController+Popover.swift */; };
		14D2727C2DC0716E00267572 /* CalendarViewController+Menu.swift in Sources */ = {isa = PBXBuildFile; fileRef = 14D272772DC0716E00267572 /* CalendarViewController+Menu.swift */; };
		14D2727D2DC0716E00267572 /* CalendarViewController+Enum.swift in Sources */ = {isa = PBXBuildFile; fileRef = 14D272742DC0716E00267572 /* CalendarViewController+Enum.swift */; };
		14D272812DC0718D00267572 /* DayByDayHandler.swift in Sources */ = {isa = PBXBuildFile; fileRef = 14D2727E2DC0718D00267572 /* DayByDayHandler.swift */; };
		14D272822DC0718D00267572 /* DisplayHandler.swift in Sources */ = {isa = PBXBuildFile; fileRef = 14D2727F2DC0718D00267572 /* DisplayHandler.swift */; };
		14D272862DC0719400267572 /* LayoutGenerator.swift in Sources */ = {isa = PBXBuildFile; fileRef = 14D272832DC0719400267572 /* LayoutGenerator.swift */; };
		14D272872DC0719400267572 /* DayGrid.swift in Sources */ = {isa = PBXBuildFile; fileRef = 14D272842DC0719400267572 /* DayGrid.swift */; };
		14D2728A2DC071A500267572 /* BlockItem.swift in Sources */ = {isa = PBXBuildFile; fileRef = 14D272882DC071A500267572 /* BlockItem.swift */; };
		14D272942DC071B000267572 /* MonthTitleCell.swift in Sources */ = {isa = PBXBuildFile; fileRef = 14D2728D2DC071B000267572 /* MonthTitleCell.swift */; };
		14D272952DC071B000267572 /* ImpactGenerator.swift in Sources */ = {isa = PBXBuildFile; fileRef = 14D272912DC071B000267572 /* ImpactGenerator.swift */; };
		14D272962DC071B000267572 /* WeekdayOrderView.swift in Sources */ = {isa = PBXBuildFile; fileRef = 14D2728E2DC071B000267572 /* WeekdayOrderView.swift */; };
		14D272972DC071B000267572 /* BlockCell.swift in Sources */ = {isa = PBXBuildFile; fileRef = 14D2728B2DC071B000267572 /* BlockCell.swift */; };
		14D272982DC071B000267572 /* UIDraggableCollectionView.swift in Sources */ = {isa = PBXBuildFile; fileRef = 14D272902DC071B000267572 /* UIDraggableCollectionView.swift */; };
		14D272992DC071B000267572 /* HoverGestureRecognizer.swift in Sources */ = {isa = PBXBuildFile; fileRef = 14D2728F2DC071B000267572 /* HoverGestureRecognizer.swift */; };
		14D2729B2DC0720600267572 /* UIFont+Extension.swift in Sources */ = {isa = PBXBuildFile; fileRef = 14D2729A2DC0720600267572 /* UIFont+Extension.swift */; };
		14D2729F2DC072D700267572 /* Settings.swift in Sources */ = {isa = PBXBuildFile; fileRef = 14D2729D2DC072D700267572 /* Settings.swift */; };
		14D272A12DC0736A00267572 /* UIViewController+Extension.swift in Sources */ = {isa = PBXBuildFile; fileRef = 14D272A02DC0736A00267572 /* UIViewController+Extension.swift */; };
		14D272AF2DC073EB00267572 /* Persistence.swift in Sources */ = {isa = PBXBuildFile; fileRef = 14D272A32DC073EB00267572 /* Persistence.swift */; };
		14D272B02DC073EB00267572 /* TimestampedRecord.swift in Sources */ = {isa = PBXBuildFile; fileRef = 14D272A42DC073EB00267572 /* TimestampedRecord.swift */; };
		14D272B12DC073EB00267572 /* Date+Extension.swift in Sources */ = {isa = PBXBuildFile; fileRef = 14D272AB2DC073EB00267572 /* Date+Extension.swift */; };
		14D272B22DC073EB00267572 /* AppDatabase.swift in Sources */ = {isa = PBXBuildFile; fileRef = 14D272A22DC073EB00267572 /* AppDatabase.swift */; };
		14D272B82DC074B300267572 /* Toast+Stryle.swift in Sources */ = {isa = PBXBuildFile; fileRef = 14D272B72DC074B300267572 /* Toast+Stryle.swift */; };
		14D272BD2DC0884E00267572 /* SpecificationsViewController.swift in Sources */ = {isa = PBXBuildFile; fileRef = 14D272BB2DC0884E00267572 /* SpecificationsViewController.swift */; };
		14D272BE2DC0884E00267572 /* SettingOptionsViewController.swift in Sources */ = {isa = PBXBuildFile; fileRef = 14D272BA2DC0884E00267572 /* SettingOptionsViewController.swift */; };
		14D272BF2DC0884E00267572 /* MoreViewController.swift in Sources */ = {isa = PBXBuildFile; fileRef = 14D272B92DC0884E00267572 /* MoreViewController.swift */; };
/* End PBXBuildFile section */

/* Begin PBXFileReference section */
		14833D322DC4FED3001B61D5 /* Icon.swift */ = {isa = PBXFileReference; lastKnownFileType = sourcecode.swift; path = Icon.swift; sourceTree = "<group>"; };
		14833D342DC50310001B61D5 /* Book.swift */ = {isa = PBXFileReference; lastKnownFileType = sourcecode.swift; path = Book.swift; sourceTree = "<group>"; };
		14833D362DC50420001B61D5 /* Tag.swift */ = {isa = PBXFileReference; lastKnownFileType = sourcecode.swift; path = Tag.swift; sourceTree = "<group>"; };
		14833D382DC504B9001B61D5 /* DayRecord.swift */ = {isa = PBXFileReference; lastKnownFileType = sourcecode.swift; path = DayRecord.swift; sourceTree = "<group>"; };
		14833D3A2DC5179F001B61D5 /* UIColor+Extension.swift */ = {isa = PBXFileReference; lastKnownFileType = sourcecode.swift; path = "UIColor+Extension.swift"; sourceTree = "<group>"; };
		14ACBE532DBFAD2E0056B1FD /* NavigationViewController.swift */ = {isa = PBXFileReference; lastKnownFileType = sourcecode.swift; path = NavigationViewController.swift; sourceTree = "<group>"; };
		14ACBE542DBFAD2E0056B1FD /* TabbarController.swift */ = {isa = PBXFileReference; lastKnownFileType = sourcecode.swift; path = TabbarController.swift; sourceTree = "<group>"; };
		14AD287A2DC5B6DD0018DAF3 /* BookListViewController.swift */ = {isa = PBXFileReference; lastKnownFileType = sourcecode.swift; path = BookListViewController.swift; sourceTree = "<group>"; };
		14AD287D2DC5B7010018DAF3 /* TagListViewController.swift */ = {isa = PBXFileReference; lastKnownFileType = sourcecode.swift; path = TagListViewController.swift; sourceTree = "<group>"; };
		14AD28802DC5BCC50018DAF3 /* BookCell.swift */ = {isa = PBXFileReference; lastKnownFileType = sourcecode.swift; path = BookCell.swift; sourceTree = "<group>"; };
		14AD28832DC5C0D20018DAF3 /* HeaderReuseView.swift */ = {isa = PBXFileReference; lastKnownFileType = sourcecode.swift; path = HeaderReuseView.swift; sourceTree = "<group>"; };
		14AD28852DC5C21E0018DAF3 /* DataManager.swift */ = {isa = PBXFileReference; lastKnownFileType = sourcecode.swift; path = DataManager.swift; sourceTree = "<group>"; };
		14B239AE2DBF13F30007152C /* AppDelegate.swift */ = {isa = PBXFileReference; lastKnownFileType = sourcecode.swift; path = AppDelegate.swift; sourceTree = "<group>"; };
		14B239AF2DBF13F30007152C /* Assets.xcassets */ = {isa = PBXFileReference; lastKnownFileType = folder.assetcatalog; path = Assets.xcassets; sourceTree = "<group>"; };
		14B239B02DBF13F30007152C /* Info.plist */ = {isa = PBXFileReference; lastKnownFileType = text.plist.xml; path = Info.plist; sourceTree = "<group>"; };
		14B239B22DBF13F30007152C /* SceneDelegate.swift */ = {isa = PBXFileReference; lastKnownFileType = sourcecode.swift; path = SceneDelegate.swift; sourceTree = "<group>"; };
		14B239B32DBF13F30007152C /* CalendarViewController.swift */ = {isa = PBXFileReference; lastKnownFileType = sourcecode.swift; path = CalendarViewController.swift; sourceTree = "<group>"; };
		14B239B42DBF13F30007152C /* Base */ = {isa = PBXFileReference; lastKnownFileType = file.storyboard; name = Base; path = Base.lproj/LaunchScreen.storyboard; sourceTree = "<group>"; };
		14B239C62DBF765B0007152C /* Localizable.xcstrings */ = {isa = PBXFileReference; lastKnownFileType = text.json.xcstrings; path = Localizable.xcstrings; sourceTree = "<group>"; };
		14CD76AD2DBE6BA10035DF1F /* Tag Day.app */ = {isa = PBXFileReference; explicitFileType = wrapper.application; includeInIndex = 0; path = "Tag Day.app"; sourceTree = BUILT_PRODUCTS_DIR; };
		14D2726F2DC0709300267572 /* CalendarBaseViewController.swift */ = {isa = PBXFileReference; lastKnownFileType = sourcecode.swift; path = CalendarBaseViewController.swift; sourceTree = "<group>"; };
		14D272712DC0712A00267572 /* AppColor.swift */ = {isa = PBXFileReference; lastKnownFileType = sourcecode.swift; path = AppColor.swift; sourceTree = "<group>"; };
		14D272732DC0716E00267572 /* CalendarViewController+CellRegistration.swift */ = {isa = PBXFileReference; lastKnownFileType = sourcecode.swift; path = "CalendarViewController+CellRegistration.swift"; sourceTree = "<group>"; };
		14D272742DC0716E00267572 /* CalendarViewController+Enum.swift */ = {isa = PBXFileReference; lastKnownFileType = sourcecode.swift; path = "CalendarViewController+Enum.swift"; sourceTree = "<group>"; };
		14D272752DC0716E00267572 /* CalendarViewController+Layout.swift */ = {isa = PBXFileReference; lastKnownFileType = sourcecode.swift; path = "CalendarViewController+Layout.swift"; sourceTree = "<group>"; };
		14D272762DC0716E00267572 /* CalendarViewController+Popover.swift */ = {isa = PBXFileReference; lastKnownFileType = sourcecode.swift; path = "CalendarViewController+Popover.swift"; sourceTree = "<group>"; };
		14D272772DC0716E00267572 /* CalendarViewController+Menu.swift */ = {isa = PBXFileReference; lastKnownFileType = sourcecode.swift; path = "CalendarViewController+Menu.swift"; sourceTree = "<group>"; };
		14D2727E2DC0718D00267572 /* DayByDayHandler.swift */ = {isa = PBXFileReference; lastKnownFileType = sourcecode.swift; path = DayByDayHandler.swift; sourceTree = "<group>"; };
		14D2727F2DC0718D00267572 /* DisplayHandler.swift */ = {isa = PBXFileReference; lastKnownFileType = sourcecode.swift; path = DisplayHandler.swift; sourceTree = "<group>"; };
		14D272832DC0719400267572 /* LayoutGenerator.swift */ = {isa = PBXFileReference; lastKnownFileType = sourcecode.swift; path = LayoutGenerator.swift; sourceTree = "<group>"; };
		14D272842DC0719400267572 /* DayGrid.swift */ = {isa = PBXFileReference; lastKnownFileType = sourcecode.swift; path = DayGrid.swift; sourceTree = "<group>"; };
		14D272882DC071A500267572 /* BlockItem.swift */ = {isa = PBXFileReference; lastKnownFileType = sourcecode.swift; path = BlockItem.swift; sourceTree = "<group>"; };
		14D2728B2DC071B000267572 /* BlockCell.swift */ = {isa = PBXFileReference; lastKnownFileType = sourcecode.swift; path = BlockCell.swift; sourceTree = "<group>"; };
		14D2728D2DC071B000267572 /* MonthTitleCell.swift */ = {isa = PBXFileReference; lastKnownFileType = sourcecode.swift; path = MonthTitleCell.swift; sourceTree = "<group>"; };
		14D2728E2DC071B000267572 /* WeekdayOrderView.swift */ = {isa = PBXFileReference; lastKnownFileType = sourcecode.swift; path = WeekdayOrderView.swift; sourceTree = "<group>"; };
		14D2728F2DC071B000267572 /* HoverGestureRecognizer.swift */ = {isa = PBXFileReference; lastKnownFileType = sourcecode.swift; path = HoverGestureRecognizer.swift; sourceTree = "<group>"; };
		14D272902DC071B000267572 /* UIDraggableCollectionView.swift */ = {isa = PBXFileReference; lastKnownFileType = sourcecode.swift; path = UIDraggableCollectionView.swift; sourceTree = "<group>"; };
		14D272912DC071B000267572 /* ImpactGenerator.swift */ = {isa = PBXFileReference; lastKnownFileType = sourcecode.swift; path = ImpactGenerator.swift; sourceTree = "<group>"; };
		14D2729A2DC0720600267572 /* UIFont+Extension.swift */ = {isa = PBXFileReference; lastKnownFileType = sourcecode.swift; path = "UIFont+Extension.swift"; sourceTree = "<group>"; };
		14D2729D2DC072D700267572 /* Settings.swift */ = {isa = PBXFileReference; lastKnownFileType = sourcecode.swift; path = Settings.swift; sourceTree = "<group>"; };
		14D272A02DC0736A00267572 /* UIViewController+Extension.swift */ = {isa = PBXFileReference; lastKnownFileType = sourcecode.swift; path = "UIViewController+Extension.swift"; sourceTree = "<group>"; };
		14D272A22DC073EB00267572 /* AppDatabase.swift */ = {isa = PBXFileReference; lastKnownFileType = sourcecode.swift; path = AppDatabase.swift; sourceTree = "<group>"; };
		14D272A32DC073EB00267572 /* Persistence.swift */ = {isa = PBXFileReference; lastKnownFileType = sourcecode.swift; path = Persistence.swift; sourceTree = "<group>"; };
		14D272A42DC073EB00267572 /* TimestampedRecord.swift */ = {isa = PBXFileReference; lastKnownFileType = sourcecode.swift; path = TimestampedRecord.swift; sourceTree = "<group>"; };
		14D272AB2DC073EB00267572 /* Date+Extension.swift */ = {isa = PBXFileReference; lastKnownFileType = sourcecode.swift; path = "Date+Extension.swift"; sourceTree = "<group>"; };
		14D272B72DC074B300267572 /* Toast+Stryle.swift */ = {isa = PBXFileReference; lastKnownFileType = sourcecode.swift; path = "Toast+Stryle.swift"; sourceTree = "<group>"; };
		14D272B92DC0884E00267572 /* MoreViewController.swift */ = {isa = PBXFileReference; lastKnownFileType = sourcecode.swift; path = MoreViewController.swift; sourceTree = "<group>"; };
		14D272BA2DC0884E00267572 /* SettingOptionsViewController.swift */ = {isa = PBXFileReference; lastKnownFileType = sourcecode.swift; path = SettingOptionsViewController.swift; sourceTree = "<group>"; };
		14D272BB2DC0884E00267572 /* SpecificationsViewController.swift */ = {isa = PBXFileReference; lastKnownFileType = sourcecode.swift; path = SpecificationsViewController.swift; sourceTree = "<group>"; };
/* End PBXFileReference section */

/* Begin PBXFrameworksBuildPhase section */
		14CD76AA2DBE6BA10035DF1F /* Frameworks */ = {
			isa = PBXFrameworksBuildPhase;
			buildActionMask = 2147483647;
			files = (
				14B239D22DBF78F10007152C /* AppInfo in Frameworks */,
				14B239D52DBF790A0007152C /* ZCCalendar in Frameworks */,
				14B239CC2DBF77B10007152C /* SnapKit in Frameworks */,
				14B239D82DBF791E0007152C /* Toast in Frameworks */,
				14B239CF2DBF78CD0007152C /* GRDB in Frameworks */,
			);
			runOnlyForDeploymentPostprocessing = 0;
		};
/* End PBXFrameworksBuildPhase section */

/* Begin PBXGroup section */
		14ACBE552DBFAD2E0056B1FD /* BaseViewController */ = {
			isa = PBXGroup;
			children = (
				14ACBE532DBFAD2E0056B1FD /* NavigationViewController.swift */,
				14ACBE542DBFAD2E0056B1FD /* TabbarController.swift */,
			);
			path = BaseViewController;
			sourceTree = "<group>";
		};
		14AD287C2DC5B6E70018DAF3 /* Book */ = {
			isa = PBXGroup;
			children = (
				14AD287A2DC5B6DD0018DAF3 /* BookListViewController.swift */,
				14AD28822DC5BCCC0018DAF3 /* View */,
			);
			path = Book;
			sourceTree = "<group>";
		};
		14AD287F2DC5B7090018DAF3 /* Tag */ = {
			isa = PBXGroup;
			children = (
				14AD287D2DC5B7010018DAF3 /* TagListViewController.swift */,
			);
			path = Tag;
			sourceTree = "<group>";
		};
		14AD28822DC5BCCC0018DAF3 /* View */ = {
			isa = PBXGroup;
			children = (
				14AD28802DC5BCC50018DAF3 /* BookCell.swift */,
				14AD28832DC5C0D20018DAF3 /* HeaderReuseView.swift */,
			);
			path = View;
			sourceTree = "<group>";
		};
		14B239C12DBF75120007152C /* Tag Day */ = {
			isa = PBXGroup;
			children = (
				14B239AE2DBF13F30007152C /* AppDelegate.swift */,
				14B239B22DBF13F30007152C /* SceneDelegate.swift */,
				14ACBE552DBFAD2E0056B1FD /* BaseViewController */,
				14B239C32DBF75F70007152C /* Calendar */,
				14AD287C2DC5B6E70018DAF3 /* Book */,
				14AD287F2DC5B7090018DAF3 /* Tag */,
				14D272BC2DC0884E00267572 /* More */,
				14D272AD2DC073EB00267572 /* Database */,
				14D2729E2DC072D700267572 /* Settings */,
				14D2729C2DC0721000267572 /* Extension */,
				14B239AF2DBF13F30007152C /* Assets.xcassets */,
				14B239B02DBF13F30007152C /* Info.plist */,
				14B239B12DBF13F30007152C /* LaunchScreen.storyboard */,
				14B239C62DBF765B0007152C /* Localizable.xcstrings */,
			);
			path = "Tag Day";
			sourceTree = "<group>";
		};
		14B239C32DBF75F70007152C /* Calendar */ = {
			isa = PBXGroup;
			children = (
				14D2726F2DC0709300267572 /* CalendarBaseViewController.swift */,
				14B239B32DBF13F30007152C /* CalendarViewController.swift */,
				14D272782DC0716E00267572 /* Extension */,
				14D272802DC0718D00267572 /* Handler */,
				14D272852DC0719400267572 /* Layout */,
				14D272892DC071A500267572 /* Model */,
				14D272922DC071B000267572 /* View */,
			);
			path = Calendar;
			sourceTree = "<group>";
		};
		14CD76A42DBE6BA10035DF1F = {
			isa = PBXGroup;
			children = (
				14B239C12DBF75120007152C /* Tag Day */,
				14CD76AE2DBE6BA10035DF1F /* Products */,
			);
			sourceTree = "<group>";
		};
		14CD76AE2DBE6BA10035DF1F /* Products */ = {
			isa = PBXGroup;
			children = (
				14CD76AD2DBE6BA10035DF1F /* Tag Day.app */,
			);
			name = Products;
			sourceTree = "<group>";
		};
		14D272782DC0716E00267572 /* Extension */ = {
			isa = PBXGroup;
			children = (
				14D272732DC0716E00267572 /* CalendarViewController+CellRegistration.swift */,
				14D272742DC0716E00267572 /* CalendarViewController+Enum.swift */,
				14D272752DC0716E00267572 /* CalendarViewController+Layout.swift */,
				14D272762DC0716E00267572 /* CalendarViewController+Popover.swift */,
				14D272772DC0716E00267572 /* CalendarViewController+Menu.swift */,
			);
			path = Extension;
			sourceTree = "<group>";
		};
		14D272802DC0718D00267572 /* Handler */ = {
			isa = PBXGroup;
			children = (
				14D2727E2DC0718D00267572 /* DayByDayHandler.swift */,
				14D2727F2DC0718D00267572 /* DisplayHandler.swift */,
			);
			path = Handler;
			sourceTree = "<group>";
		};
		14D272852DC0719400267572 /* Layout */ = {
			isa = PBXGroup;
			children = (
				14D272832DC0719400267572 /* LayoutGenerator.swift */,
				14D272842DC0719400267572 /* DayGrid.swift */,
			);
			path = Layout;
			sourceTree = "<group>";
		};
		14D272892DC071A500267572 /* Model */ = {
			isa = PBXGroup;
			children = (
				14D272882DC071A500267572 /* BlockItem.swift */,
			);
			path = Model;
			sourceTree = "<group>";
		};
		14D272922DC071B000267572 /* View */ = {
			isa = PBXGroup;
			children = (
				14D2728B2DC071B000267572 /* BlockCell.swift */,
				14D2728D2DC071B000267572 /* MonthTitleCell.swift */,
				14D2728E2DC071B000267572 /* WeekdayOrderView.swift */,
				14D2728F2DC071B000267572 /* HoverGestureRecognizer.swift */,
				14D272902DC071B000267572 /* UIDraggableCollectionView.swift */,
				14D272912DC071B000267572 /* ImpactGenerator.swift */,
			);
			path = View;
			sourceTree = "<group>";
		};
		14D2729C2DC0721000267572 /* Extension */ = {
			isa = PBXGroup;
			children = (
				14D272712DC0712A00267572 /* AppColor.swift */,
				14833D3A2DC5179F001B61D5 /* UIColor+Extension.swift */,
				14D272A02DC0736A00267572 /* UIViewController+Extension.swift */,
				14D272B72DC074B300267572 /* Toast+Stryle.swift */,
				14D2729A2DC0720600267572 /* UIFont+Extension.swift */,
			);
			path = Extension;
			sourceTree = "<group>";
		};
		14D2729E2DC072D700267572 /* Settings */ = {
			isa = PBXGroup;
			children = (
				14D2729D2DC072D700267572 /* Settings.swift */,
			);
			path = Settings;
			sourceTree = "<group>";
		};
		14D272AA2DC073EB00267572 /* Model */ = {
			isa = PBXGroup;
			children = (
				14833D322DC4FED3001B61D5 /* Icon.swift */,
				14833D342DC50310001B61D5 /* Book.swift */,
				14833D362DC50420001B61D5 /* Tag.swift */,
				14833D382DC504B9001B61D5 /* DayRecord.swift */,
			);
			path = Model;
			sourceTree = "<group>";
		};
		14D272AC2DC073EB00267572 /* Extension */ = {
			isa = PBXGroup;
			children = (
				14D272AB2DC073EB00267572 /* Date+Extension.swift */,
			);
			path = Extension;
			sourceTree = "<group>";
		};
		14D272AD2DC073EB00267572 /* Database */ = {
			isa = PBXGroup;
			children = (
				14D272A22DC073EB00267572 /* AppDatabase.swift */,
				14D272A32DC073EB00267572 /* Persistence.swift */,
				14D272A42DC073EB00267572 /* TimestampedRecord.swift */,
				14AD28852DC5C21E0018DAF3 /* DataManager.swift */,
				14D272AA2DC073EB00267572 /* Model */,
				14D272AC2DC073EB00267572 /* Extension */,
			);
			path = Database;
			sourceTree = "<group>";
		};
		14D272BC2DC0884E00267572 /* More */ = {
			isa = PBXGroup;
			children = (
				14D272B92DC0884E00267572 /* MoreViewController.swift */,
				14D272BA2DC0884E00267572 /* SettingOptionsViewController.swift */,
				14D272BB2DC0884E00267572 /* SpecificationsViewController.swift */,
			);
			path = More;
			sourceTree = "<group>";
		};
/* End PBXGroup section */

/* Begin PBXNativeTarget section */
		14CD76AC2DBE6BA10035DF1F /* Tag Day */ = {
			isa = PBXNativeTarget;
			buildConfigurationList = 14CD76C02DBE6BA20035DF1F /* Build configuration list for PBXNativeTarget "Tag Day" */;
			buildPhases = (
				14CD76A92DBE6BA10035DF1F /* Sources */,
				14CD76AA2DBE6BA10035DF1F /* Frameworks */,
				14CD76AB2DBE6BA10035DF1F /* Resources */,
			);
			buildRules = (
			);
			dependencies = (
			);
			name = "Tag Day";
			packageProductDependencies = (
				14B239CB2DBF77B10007152C /* SnapKit */,
				14B239CE2DBF78CD0007152C /* GRDB */,
				14B239D12DBF78F10007152C /* AppInfo */,
				14B239D42DBF790A0007152C /* ZCCalendar */,
				14B239D72DBF791E0007152C /* Toast */,
			);
			productName = "Tag Day";
			productReference = 14CD76AD2DBE6BA10035DF1F /* Tag Day.app */;
			productType = "com.apple.product-type.application";
		};
/* End PBXNativeTarget section */

/* Begin PBXProject section */
		14CD76A52DBE6BA10035DF1F /* Project object */ = {
			isa = PBXProject;
			attributes = {
				BuildIndependentTargetsInParallel = 1;
				LastSwiftUpdateCheck = 1630;
				LastUpgradeCheck = 1630;
				TargetAttributes = {
					14CD76AC2DBE6BA10035DF1F = {
						CreatedOnToolsVersion = 16.3;
					};
				};
			};
			buildConfigurationList = 14CD76A82DBE6BA10035DF1F /* Build configuration list for PBXProject "Tag Day" */;
			developmentRegion = en;
			hasScannedForEncodings = 0;
			knownRegions = (
				en,
				Base,
				"zh-Hans",
				"zh-HK",
				"zh-Hant",
			);
			mainGroup = 14CD76A42DBE6BA10035DF1F;
			minimizedProjectReferenceProxies = 1;
			packageReferences = (
				14B239CA2DBF77B10007152C /* XCRemoteSwiftPackageReference "SnapKit" */,
				14B239CD2DBF78CD0007152C /* XCRemoteSwiftPackageReference "GRDB" */,
				14B239D02DBF78F10007152C /* XCRemoteSwiftPackageReference "AppInfo" */,
				14B239D32DBF790A0007152C /* XCRemoteSwiftPackageReference "ZCCalendar" */,
				14B239D62DBF791E0007152C /* XCRemoteSwiftPackageReference "Toast-Swift" */,
			);
			preferredProjectObjectVersion = 77;
			productRefGroup = 14CD76AE2DBE6BA10035DF1F /* Products */;
			projectDirPath = "";
			projectRoot = "";
			targets = (
				14CD76AC2DBE6BA10035DF1F /* Tag Day */,
			);
		};
/* End PBXProject section */

/* Begin PBXResourcesBuildPhase section */
		14CD76AB2DBE6BA10035DF1F /* Resources */ = {
			isa = PBXResourcesBuildPhase;
			buildActionMask = 2147483647;
			files = (
				14B239B92DBF13F30007152C /* LaunchScreen.storyboard in Resources */,
				14B239BA2DBF13F30007152C /* Assets.xcassets in Resources */,
				14B239C72DBF765B0007152C /* Localizable.xcstrings in Resources */,
			);
			runOnlyForDeploymentPostprocessing = 0;
		};
/* End PBXResourcesBuildPhase section */

/* Begin PBXSourcesBuildPhase section */
		14CD76A92DBE6BA10035DF1F /* Sources */ = {
			isa = PBXSourcesBuildPhase;
			buildActionMask = 2147483647;
			files = (
				14D272A12DC0736A00267572 /* UIViewController+Extension.swift in Sources */,
				14833D372DC50420001B61D5 /* Tag.swift in Sources */,
				14B239B62DBF13F30007152C /* SceneDelegate.swift in Sources */,
				14ACBE562DBFAD2E0056B1FD /* TabbarController.swift in Sources */,
				14D2729F2DC072D700267572 /* Settings.swift in Sources */,
				14ACBE572DBFAD2E0056B1FD /* NavigationViewController.swift in Sources */,
				14D272862DC0719400267572 /* LayoutGenerator.swift in Sources */,
				14D272872DC0719400267572 /* DayGrid.swift in Sources */,
				14D272B82DC074B300267572 /* Toast+Stryle.swift in Sources */,
				14D272792DC0716E00267572 /* CalendarViewController+CellRegistration.swift in Sources */,
				14D2727A2DC0716E00267572 /* CalendarViewController+Layout.swift in Sources */,
				14D272942DC071B000267572 /* MonthTitleCell.swift in Sources */,
				14D272952DC071B000267572 /* ImpactGenerator.swift in Sources */,
				14D272962DC071B000267572 /* WeekdayOrderView.swift in Sources */,
				14D272972DC071B000267572 /* BlockCell.swift in Sources */,
				14833D392DC504B9001B61D5 /* DayRecord.swift in Sources */,
				14D272982DC071B000267572 /* UIDraggableCollectionView.swift in Sources */,
				14D272992DC071B000267572 /* HoverGestureRecognizer.swift in Sources */,
				14D2727B2DC0716E00267572 /* CalendarViewController+Popover.swift in Sources */,
				14D272AF2DC073EB00267572 /* Persistence.swift in Sources */,
				14D272B02DC073EB00267572 /* TimestampedRecord.swift in Sources */,
				14D272BD2DC0884E00267572 /* SpecificationsViewController.swift in Sources */,
				14D272BE2DC0884E00267572 /* SettingOptionsViewController.swift in Sources */,
				14D272BF2DC0884E00267572 /* MoreViewController.swift in Sources */,
				14AD28812DC5BCC50018DAF3 /* BookCell.swift in Sources */,
				14D272B12DC073EB00267572 /* Date+Extension.swift in Sources */,
				14833D332DC4FED3001B61D5 /* Icon.swift in Sources */,
				14D272B22DC073EB00267572 /* AppDatabase.swift in Sources */,
				14AD28862DC5C21E0018DAF3 /* DataManager.swift in Sources */,
				14D272812DC0718D00267572 /* DayByDayHandler.swift in Sources */,
				14D272822DC0718D00267572 /* DisplayHandler.swift in Sources */,
				14AD287E2DC5B7010018DAF3 /* TagListViewController.swift in Sources */,
				14AD287B2DC5B6DD0018DAF3 /* BookListViewController.swift in Sources */,
				14D2727C2DC0716E00267572 /* CalendarViewController+Menu.swift in Sources */,
				14D2729B2DC0720600267572 /* UIFont+Extension.swift in Sources */,
				14D2727D2DC0716E00267572 /* CalendarViewController+Enum.swift in Sources */,
				14D272722DC0712A00267572 /* AppColor.swift in Sources */,
				14D2728A2DC071A500267572 /* BlockItem.swift in Sources */,
				14833D352DC50310001B61D5 /* Book.swift in Sources */,
				14B239B72DBF13F30007152C /* CalendarViewController.swift in Sources */,
				14AD28842DC5C0D20018DAF3 /* HeaderReuseView.swift in Sources */,
				14833D3B2DC5179F001B61D5 /* UIColor+Extension.swift in Sources */,
				14B239B82DBF13F30007152C /* AppDelegate.swift in Sources */,
				14D272702DC0709300267572 /* CalendarBaseViewController.swift in Sources */,
			);
			runOnlyForDeploymentPostprocessing = 0;
		};
/* End PBXSourcesBuildPhase section */

/* Begin PBXVariantGroup section */
		14B239B12DBF13F30007152C /* LaunchScreen.storyboard */ = {
			isa = PBXVariantGroup;
			children = (
				14B239B42DBF13F30007152C /* Base */,
			);
			name = LaunchScreen.storyboard;
			sourceTree = "<group>";
		};
/* End PBXVariantGroup section */

/* Begin XCBuildConfiguration section */
		14CD76C12DBE6BA20035DF1F /* Debug */ = {
			isa = XCBuildConfiguration;
			buildSettings = {
				ASSETCATALOG_COMPILER_APPICON_NAME = AppIcon;
				ASSETCATALOG_COMPILER_GLOBAL_ACCENT_COLOR_NAME = AccentColor;
				CODE_SIGN_STYLE = Automatic;
				CURRENT_PROJECT_VERSION = 1;
				DEVELOPMENT_TEAM = KKQQQNKMM6;
				GENERATE_INFOPLIST_FILE = YES;
				INFOPLIST_FILE = "Tag Day/Info.plist";
				INFOPLIST_KEY_LSApplicationCategoryType = "public.app-category.productivity";
				INFOPLIST_KEY_UIApplicationSupportsIndirectInputEvents = YES;
				INFOPLIST_KEY_UILaunchStoryboardName = LaunchScreen;
				INFOPLIST_KEY_UISupportedInterfaceOrientations = UIInterfaceOrientationPortrait;
				INFOPLIST_KEY_UISupportedInterfaceOrientations_iPad = "UIInterfaceOrientationLandscapeLeft UIInterfaceOrientationLandscapeRight UIInterfaceOrientationPortrait UIInterfaceOrientationPortraitUpsideDown";
				IPHONEOS_DEPLOYMENT_TARGET = 16.0;
				LD_RUNPATH_SEARCH_PATHS = (
					"$(inherited)",
					"@executable_path/Frameworks",
				);
				MARKETING_VERSION = 1.0.0;
				PRODUCT_BUNDLE_IDENTIFIER = com.zizicici.tag;
				PRODUCT_NAME = "$(TARGET_NAME)";
				SWIFT_EMIT_LOC_STRINGS = YES;
				SWIFT_VERSION = 5.0;
				TARGETED_DEVICE_FAMILY = "1,2";
			};
			name = Debug;
		};
		14CD76C22DBE6BA20035DF1F /* Release */ = {
			isa = XCBuildConfiguration;
			buildSettings = {
				ASSETCATALOG_COMPILER_APPICON_NAME = AppIcon;
				ASSETCATALOG_COMPILER_GLOBAL_ACCENT_COLOR_NAME = AccentColor;
				CODE_SIGN_STYLE = Automatic;
				CURRENT_PROJECT_VERSION = 1;
				DEVELOPMENT_TEAM = KKQQQNKMM6;
				GENERATE_INFOPLIST_FILE = YES;
				INFOPLIST_FILE = "Tag Day/Info.plist";
				INFOPLIST_KEY_LSApplicationCategoryType = "public.app-category.productivity";
				INFOPLIST_KEY_UIApplicationSupportsIndirectInputEvents = YES;
				INFOPLIST_KEY_UILaunchStoryboardName = LaunchScreen;
				INFOPLIST_KEY_UISupportedInterfaceOrientations = UIInterfaceOrientationPortrait;
				INFOPLIST_KEY_UISupportedInterfaceOrientations_iPad = "UIInterfaceOrientationLandscapeLeft UIInterfaceOrientationLandscapeRight UIInterfaceOrientationPortrait UIInterfaceOrientationPortraitUpsideDown";
				IPHONEOS_DEPLOYMENT_TARGET = 16.0;
				LD_RUNPATH_SEARCH_PATHS = (
					"$(inherited)",
					"@executable_path/Frameworks",
				);
				MARKETING_VERSION = 1.0.0;
				PRODUCT_BUNDLE_IDENTIFIER = com.zizicici.tag;
				PRODUCT_NAME = "$(TARGET_NAME)";
				SWIFT_EMIT_LOC_STRINGS = YES;
				SWIFT_VERSION = 5.0;
				TARGETED_DEVICE_FAMILY = "1,2";
			};
			name = Release;
		};
		14CD76C32DBE6BA20035DF1F /* Debug */ = {
			isa = XCBuildConfiguration;
			buildSettings = {
				ALWAYS_SEARCH_USER_PATHS = NO;
				ASSETCATALOG_COMPILER_GENERATE_SWIFT_ASSET_SYMBOL_EXTENSIONS = YES;
				CLANG_ANALYZER_LOCALIZABILITY_NONLOCALIZED = YES;
				CLANG_ANALYZER_NONNULL = YES;
				CLANG_ANALYZER_NUMBER_OBJECT_CONVERSION = YES_AGGRESSIVE;
				CLANG_CXX_LANGUAGE_STANDARD = "gnu++20";
				CLANG_ENABLE_MODULES = YES;
				CLANG_ENABLE_OBJC_ARC = YES;
				CLANG_ENABLE_OBJC_WEAK = YES;
				CLANG_WARN_BLOCK_CAPTURE_AUTORELEASING = YES;
				CLANG_WARN_BOOL_CONVERSION = YES;
				CLANG_WARN_COMMA = YES;
				CLANG_WARN_CONSTANT_CONVERSION = YES;
				CLANG_WARN_DEPRECATED_OBJC_IMPLEMENTATIONS = YES;
				CLANG_WARN_DIRECT_OBJC_ISA_USAGE = YES_ERROR;
				CLANG_WARN_DOCUMENTATION_COMMENTS = YES;
				CLANG_WARN_EMPTY_BODY = YES;
				CLANG_WARN_ENUM_CONVERSION = YES;
				CLANG_WARN_INFINITE_RECURSION = YES;
				CLANG_WARN_INT_CONVERSION = YES;
				CLANG_WARN_NON_LITERAL_NULL_CONVERSION = YES;
				CLANG_WARN_OBJC_IMPLICIT_RETAIN_SELF = YES;
				CLANG_WARN_OBJC_LITERAL_CONVERSION = YES;
				CLANG_WARN_OBJC_ROOT_CLASS = YES_ERROR;
				CLANG_WARN_QUOTED_INCLUDE_IN_FRAMEWORK_HEADER = YES;
				CLANG_WARN_RANGE_LOOP_ANALYSIS = YES;
				CLANG_WARN_STRICT_PROTOTYPES = YES;
				CLANG_WARN_SUSPICIOUS_MOVE = YES;
				CLANG_WARN_UNGUARDED_AVAILABILITY = YES_AGGRESSIVE;
				CLANG_WARN_UNREACHABLE_CODE = YES;
				CLANG_WARN__DUPLICATE_METHOD_MATCH = YES;
				COPY_PHASE_STRIP = NO;
				DEBUG_INFORMATION_FORMAT = dwarf;
				DEVELOPMENT_TEAM = KKQQQNKMM6;
				ENABLE_STRICT_OBJC_MSGSEND = YES;
				ENABLE_TESTABILITY = YES;
				ENABLE_USER_SCRIPT_SANDBOXING = YES;
				GCC_C_LANGUAGE_STANDARD = gnu17;
				GCC_DYNAMIC_NO_PIC = NO;
				GCC_NO_COMMON_BLOCKS = YES;
				GCC_OPTIMIZATION_LEVEL = 0;
				GCC_PREPROCESSOR_DEFINITIONS = (
					"DEBUG=1",
					"$(inherited)",
				);
				GCC_WARN_64_TO_32_BIT_CONVERSION = YES;
				GCC_WARN_ABOUT_RETURN_TYPE = YES_ERROR;
				GCC_WARN_UNDECLARED_SELECTOR = YES;
				GCC_WARN_UNINITIALIZED_AUTOS = YES_AGGRESSIVE;
				GCC_WARN_UNUSED_FUNCTION = YES;
				GCC_WARN_UNUSED_VARIABLE = YES;
				IPHONEOS_DEPLOYMENT_TARGET = 18.4;
				LOCALIZATION_PREFERS_STRING_CATALOGS = YES;
				MTL_ENABLE_DEBUG_INFO = INCLUDE_SOURCE;
				MTL_FAST_MATH = YES;
				ONLY_ACTIVE_ARCH = YES;
				SDKROOT = iphoneos;
				SWIFT_ACTIVE_COMPILATION_CONDITIONS = "DEBUG $(inherited)";
				SWIFT_EMIT_LOC_STRINGS = YES;
				SWIFT_OPTIMIZATION_LEVEL = "-Onone";
			};
			name = Debug;
		};
		14CD76C42DBE6BA20035DF1F /* Release */ = {
			isa = XCBuildConfiguration;
			buildSettings = {
				ALWAYS_SEARCH_USER_PATHS = NO;
				ASSETCATALOG_COMPILER_GENERATE_SWIFT_ASSET_SYMBOL_EXTENSIONS = YES;
				CLANG_ANALYZER_LOCALIZABILITY_NONLOCALIZED = YES;
				CLANG_ANALYZER_NONNULL = YES;
				CLANG_ANALYZER_NUMBER_OBJECT_CONVERSION = YES_AGGRESSIVE;
				CLANG_CXX_LANGUAGE_STANDARD = "gnu++20";
				CLANG_ENABLE_MODULES = YES;
				CLANG_ENABLE_OBJC_ARC = YES;
				CLANG_ENABLE_OBJC_WEAK = YES;
				CLANG_WARN_BLOCK_CAPTURE_AUTORELEASING = YES;
				CLANG_WARN_BOOL_CONVERSION = YES;
				CLANG_WARN_COMMA = YES;
				CLANG_WARN_CONSTANT_CONVERSION = YES;
				CLANG_WARN_DEPRECATED_OBJC_IMPLEMENTATIONS = YES;
				CLANG_WARN_DIRECT_OBJC_ISA_USAGE = YES_ERROR;
				CLANG_WARN_DOCUMENTATION_COMMENTS = YES;
				CLANG_WARN_EMPTY_BODY = YES;
				CLANG_WARN_ENUM_CONVERSION = YES;
				CLANG_WARN_INFINITE_RECURSION = YES;
				CLANG_WARN_INT_CONVERSION = YES;
				CLANG_WARN_NON_LITERAL_NULL_CONVERSION = YES;
				CLANG_WARN_OBJC_IMPLICIT_RETAIN_SELF = YES;
				CLANG_WARN_OBJC_LITERAL_CONVERSION = YES;
				CLANG_WARN_OBJC_ROOT_CLASS = YES_ERROR;
				CLANG_WARN_QUOTED_INCLUDE_IN_FRAMEWORK_HEADER = YES;
				CLANG_WARN_RANGE_LOOP_ANALYSIS = YES;
				CLANG_WARN_STRICT_PROTOTYPES = YES;
				CLANG_WARN_SUSPICIOUS_MOVE = YES;
				CLANG_WARN_UNGUARDED_AVAILABILITY = YES_AGGRESSIVE;
				CLANG_WARN_UNREACHABLE_CODE = YES;
				CLANG_WARN__DUPLICATE_METHOD_MATCH = YES;
				COPY_PHASE_STRIP = NO;
				DEBUG_INFORMATION_FORMAT = "dwarf-with-dsym";
				DEVELOPMENT_TEAM = KKQQQNKMM6;
				ENABLE_NS_ASSERTIONS = NO;
				ENABLE_STRICT_OBJC_MSGSEND = YES;
				ENABLE_USER_SCRIPT_SANDBOXING = YES;
				GCC_C_LANGUAGE_STANDARD = gnu17;
				GCC_NO_COMMON_BLOCKS = YES;
				GCC_WARN_64_TO_32_BIT_CONVERSION = YES;
				GCC_WARN_ABOUT_RETURN_TYPE = YES_ERROR;
				GCC_WARN_UNDECLARED_SELECTOR = YES;
				GCC_WARN_UNINITIALIZED_AUTOS = YES_AGGRESSIVE;
				GCC_WARN_UNUSED_FUNCTION = YES;
				GCC_WARN_UNUSED_VARIABLE = YES;
				IPHONEOS_DEPLOYMENT_TARGET = 18.4;
				LOCALIZATION_PREFERS_STRING_CATALOGS = YES;
				MTL_ENABLE_DEBUG_INFO = NO;
				MTL_FAST_MATH = YES;
				SDKROOT = iphoneos;
				SWIFT_COMPILATION_MODE = wholemodule;
				SWIFT_EMIT_LOC_STRINGS = YES;
				VALIDATE_PRODUCT = YES;
			};
			name = Release;
		};
/* End XCBuildConfiguration section */

/* Begin XCConfigurationList section */
		14CD76A82DBE6BA10035DF1F /* Build configuration list for PBXProject "Tag Day" */ = {
			isa = XCConfigurationList;
			buildConfigurations = (
				14CD76C32DBE6BA20035DF1F /* Debug */,
				14CD76C42DBE6BA20035DF1F /* Release */,
			);
			defaultConfigurationIsVisible = 0;
			defaultConfigurationName = Release;
		};
		14CD76C02DBE6BA20035DF1F /* Build configuration list for PBXNativeTarget "Tag Day" */ = {
			isa = XCConfigurationList;
			buildConfigurations = (
				14CD76C12DBE6BA20035DF1F /* Debug */,
				14CD76C22DBE6BA20035DF1F /* Release */,
			);
			defaultConfigurationIsVisible = 0;
			defaultConfigurationName = Release;
		};
/* End XCConfigurationList section */

/* Begin XCRemoteSwiftPackageReference section */
		14B239CA2DBF77B10007152C /* XCRemoteSwiftPackageReference "SnapKit" */ = {
			isa = XCRemoteSwiftPackageReference;
			repositoryURL = "https://github.com/SnapKit/SnapKit";
			requirement = {
				kind = upToNextMajorVersion;
				minimumVersion = 5.7.1;
			};
		};
		14B239CD2DBF78CD0007152C /* XCRemoteSwiftPackageReference "GRDB" */ = {
			isa = XCRemoteSwiftPackageReference;
			repositoryURL = "https://github.com/groue/GRDB.swift";
			requirement = {
				kind = upToNextMajorVersion;
				minimumVersion = 7.0.0;
			};
		};
		14B239D02DBF78F10007152C /* XCRemoteSwiftPackageReference "AppInfo" */ = {
			isa = XCRemoteSwiftPackageReference;
			repositoryURL = "https://github.com/zizicici/AppInfo";
			requirement = {
				kind = upToNextMajorVersion;
				minimumVersion = 1.1.0;
			};
		};
		14B239D32DBF790A0007152C /* XCRemoteSwiftPackageReference "ZCCalendar" */ = {
			isa = XCRemoteSwiftPackageReference;
			repositoryURL = "https://github.com/zizicici/ZCCalendar";
			requirement = {
				kind = upToNextMajorVersion;
				minimumVersion = 0.1.3;
			};
		};
		14B239D62DBF791E0007152C /* XCRemoteSwiftPackageReference "Toast-Swift" */ = {
			isa = XCRemoteSwiftPackageReference;
			repositoryURL = "https://github.com/scalessec/Toast-Swift";
			requirement = {
				kind = upToNextMajorVersion;
				minimumVersion = 5.1.1;
			};
		};
/* End XCRemoteSwiftPackageReference section */

/* Begin XCSwiftPackageProductDependency section */
		14B239CB2DBF77B10007152C /* SnapKit */ = {
			isa = XCSwiftPackageProductDependency;
			package = 14B239CA2DBF77B10007152C /* XCRemoteSwiftPackageReference "SnapKit" */;
			productName = SnapKit;
		};
		14B239CE2DBF78CD0007152C /* GRDB */ = {
			isa = XCSwiftPackageProductDependency;
			package = 14B239CD2DBF78CD0007152C /* XCRemoteSwiftPackageReference "GRDB" */;
			productName = GRDB;
		};
		14B239D12DBF78F10007152C /* AppInfo */ = {
			isa = XCSwiftPackageProductDependency;
			package = 14B239D02DBF78F10007152C /* XCRemoteSwiftPackageReference "AppInfo" */;
			productName = AppInfo;
		};
		14B239D42DBF790A0007152C /* ZCCalendar */ = {
			isa = XCSwiftPackageProductDependency;
			package = 14B239D32DBF790A0007152C /* XCRemoteSwiftPackageReference "ZCCalendar" */;
			productName = ZCCalendar;
		};
		14B239D72DBF791E0007152C /* Toast */ = {
			isa = XCSwiftPackageProductDependency;
			package = 14B239D62DBF791E0007152C /* XCRemoteSwiftPackageReference "Toast-Swift" */;
			productName = Toast;
		};
/* End XCSwiftPackageProductDependency section */
	};
	rootObject = 14CD76A52DBE6BA10035DF1F /* Project object */;
}
